
Microsoft Visual Studio Solution File, Format Version 12.00
# Visual Studio Version 16
VisualStudioVersion = 16.0.28917.181
MinimumVisualStudioVersion = 10.0.40219.1
Project("{9092AA53-FB77-4645-B42D-1CCCA6BD08BD}") = "funWithInterfacesSLN", "funWithInterfacesSLN.njsproj", "{7F1E3787-BB29-4E43-9FD9-220A06BF69ED}"
EndProject
Global
	GlobalSection(SolutionConfigurationPlatforms) = preSolution
		Debug|Any CPU = Debug|Any CPU
		Release|Any CPU = Release|Any CPU
	EndGlobalSection
	GlobalSection(ProjectConfigurationPlatforms) = postSolution
		{7F1E3787-BB29-4E43-9FD9-220A06BF69ED}.Debug|Any CPU.ActiveCfg = Debug|Any CPU
		{7F1E3787-BB29-4E43-9FD9-220A06BF69ED}.Debug|Any CPU.Build.0 = Debug|Any CPU
		{7F1E3787-BB29-4E43-9FD9-220A06BF69ED}.Release|Any CPU.ActiveCfg = Release|Any CPU
		{7F1E3787-BB29-4E43-9FD9-220A06BF69ED}.Release|Any CPU.Build.0 = Release|Any CPU
	EndGlobalSection
	GlobalSection(SolutionProperties) = preSolution
		HideSolutionNode = FALSE
	EndGlobalSection
	GlobalSection(ExtensibilityGlobals) = postSolution
		SolutionGuid = {62B10B0B-0B01-4516-9359-FDA090C25245}
	EndGlobalSection
EndGlobal
